
Microsoft Visual Studio Solution File, Format Version 12.00
# Visual Studio Version 17
VisualStudioVersion = 17.0.31314.256
MinimumVisualStudioVersion = 10.0.40219.1
Project("{2150E333-8FDC-42A3-9474-1A3956D46DE8}") = "Engine", "Engine", "{94A6C6F3-99B3-346E-9557-ABF9D4064DBD}"
EndProject
Project("{2150E333-8FDC-42A3-9474-1A3956D46DE8}") = "Games", "Games", "{8E2F6A87-1826-34F4-940C-CC23A48F9FE4}"
EndProject
Project("{8BC9CEB8-8B4A-11D0-8D11-00A0C91BC942}") = "UE4", "Intermediate\ProjectFiles\UE4.vcxproj", "{E5A8E661-1BDC-4CCC-A713-AE41A597F5E3}"
EndProject
Project("{8BC9CEB8-8B4A-11D0-8D11-00A0C91BC942}") = "UE4_PakTest", "Intermediate\ProjectFiles\UE4_PakTest.vcxproj", "{73CCE0F0-9EE5-4A96-BDFF-3B369978C6A8}"
EndProject
Project("{2150E333-8FDC-42A3-9474-1A3956D46DE8}") = "Visualizers", "Visualizers", "{1CCEC849-CC72-4C59-8C36-2F7C38706D4C}"
	ProjectSection(SolutionItems) = preProject
		..\..\EpicGames\UE_4.27\Engine\Extras\VisualStudioDebugging\UE4.natvis = ..\..\EpicGames\UE_4.27\Engine\Extras\VisualStudioDebugging\UE4.natvis
	EndProjectSection
EndProject
Global
	GlobalSection(SolutionConfigurationPlatforms) = preSolution
		DebugGame Editor|Android = DebugGame Editor|Android
		DebugGame Editor|Win32 = DebugGame Editor|Win32
		DebugGame Editor|Win64 = DebugGame Editor|Win64
		DebugGame|Android = DebugGame|Android
		DebugGame|Win32 = DebugGame|Win32
		DebugGame|Win64 = DebugGame|Win64
		Development Editor|Android = Development Editor|Android
		Development Editor|Win32 = Development Editor|Win32
		Development Editor|Win64 = Development Editor|Win64
		Development|Android = Development|Android
		Development|Win32 = Development|Win32
		Development|Win64 = Development|Win64
		Shipping|Android = Shipping|Android
		Shipping|Win32 = Shipping|Win32
		Shipping|Win64 = Shipping|Win64
	EndGlobalSection
	# Visual Assist Section
	GlobalSection(44630d46-96b5-488c-8df926e21db8c1a3) = preSolution
		ueSolution=true
	EndGlobalSection
	GlobalSection(ProjectConfigurationPlatforms) = postSolution
		{E5A8E661-1BDC-4CCC-A713-AE41A597F5E3}.DebugGame Editor|Android.ActiveCfg = BuiltWithUnrealBuildTool|Win32
		{E5A8E661-1BDC-4CCC-A713-AE41A597F5E3}.DebugGame Editor|Win32.ActiveCfg = BuiltWithUnrealBuildTool|Win32
		{E5A8E661-1BDC-4CCC-A713-AE41A597F5E3}.DebugGame Editor|Win64.ActiveCfg = BuiltWithUnrealBuildTool|Win32
		{E5A8E661-1BDC-4CCC-A713-AE41A597F5E3}.DebugGame|Android.ActiveCfg = BuiltWithUnrealBuildTool|Win32
		{E5A8E661-1BDC-4CCC-A713-AE41A597F5E3}.DebugGame|Win32.ActiveCfg = BuiltWithUnrealBuildTool|Win32
		{E5A8E661-1BDC-4CCC-A713-AE41A597F5E3}.DebugGame|Win64.ActiveCfg = BuiltWithUnrealBuildTool|Win32
		{E5A8E661-1BDC-4CCC-A713-AE41A597F5E3}.Development Editor|Android.ActiveCfg = BuiltWithUnrealBuildTool|Win32
		{E5A8E661-1BDC-4CCC-A713-AE41A597F5E3}.Development Editor|Win32.ActiveCfg = BuiltWithUnrealBuildTool|Win32
		{E5A8E661-1BDC-4CCC-A713-AE41A597F5E3}.Development Editor|Win64.ActiveCfg = BuiltWithUnrealBuildTool|Win32
		{E5A8E661-1BDC-4CCC-A713-AE41A597F5E3}.Development|Android.ActiveCfg = BuiltWithUnrealBuildTool|Win32
		{E5A8E661-1BDC-4CCC-A713-AE41A597F5E3}.Development|Win32.ActiveCfg = BuiltWithUnrealBuildTool|Win32
		{E5A8E661-1BDC-4CCC-A713-AE41A597F5E3}.Development|Win64.ActiveCfg = BuiltWithUnrealBuildTool|Win32
		{E5A8E661-1BDC-4CCC-A713-AE41A597F5E3}.Shipping|Android.ActiveCfg = BuiltWithUnrealBuildTool|Win32
		{E5A8E661-1BDC-4CCC-A713-AE41A597F5E3}.Shipping|Win32.ActiveCfg = BuiltWithUnrealBuildTool|Win32
		{E5A8E661-1BDC-4CCC-A713-AE41A597F5E3}.Shipping|Win64.ActiveCfg = BuiltWithUnrealBuildTool|Win32
		{73CCE0F0-9EE5-4A96-BDFF-3B369978C6A8}.DebugGame Editor|Android.ActiveCfg = Invalid|Win32
		{73CCE0F0-9EE5-4A96-BDFF-3B369978C6A8}.DebugGame Editor|Win32.ActiveCfg = Invalid|Win32
		{73CCE0F0-9EE5-4A96-BDFF-3B369978C6A8}.DebugGame Editor|Win64.ActiveCfg = DebugGame_Editor|x64
		{73CCE0F0-9EE5-4A96-BDFF-3B369978C6A8}.DebugGame Editor|Win64.Build.0 = DebugGame_Editor|x64
		{73CCE0F0-9EE5-4A96-BDFF-3B369978C6A8}.DebugGame|Android.ActiveCfg = Android_DebugGame|Win32
		{73CCE0F0-9EE5-4A96-BDFF-3B369978C6A8}.DebugGame|Android.Build.0 = Android_DebugGame|Win32
		{73CCE0F0-9EE5-4A96-BDFF-3B369978C6A8}.DebugGame|Win32.ActiveCfg = DebugGame|Win32
		{73CCE0F0-9EE5-4A96-BDFF-3B369978C6A8}.DebugGame|Win32.Build.0 = DebugGame|Win32
		{73CCE0F0-9EE5-4A96-BDFF-3B369978C6A8}.DebugGame|Win64.ActiveCfg = DebugGame|x64
		{73CCE0F0-9EE5-4A96-BDFF-3B369978C6A8}.DebugGame|Win64.Build.0 = DebugGame|x64
		{73CCE0F0-9EE5-4A96-BDFF-3B369978C6A8}.Development Editor|Android.ActiveCfg = Invalid|Win32
		{73CCE0F0-9EE5-4A96-BDFF-3B369978C6A8}.Development Editor|Win32.ActiveCfg = Invalid|Win32
		{73CCE0F0-9EE5-4A96-BDFF-3B369978C6A8}.Development Editor|Win64.ActiveCfg = Development_Editor|x64
		{73CCE0F0-9EE5-4A96-BDFF-3B369978C6A8}.Development Editor|Win64.Build.0 = Development_Editor|x64
		{73CCE0F0-9EE5-4A96-BDFF-3B369978C6A8}.Development|Android.ActiveCfg = Android_Development|Win32
		{73CCE0F0-9EE5-4A96-BDFF-3B369978C6A8}.Development|Android.Build.0 = Android_Development|Win32
		{73CCE0F0-9EE5-4A96-BDFF-3B369978C6A8}.Development|Win32.ActiveCfg = Development|Win32
		{73CCE0F0-9EE5-4A96-BDFF-3B369978C6A8}.Development|Win32.Build.0 = Development|Win32
		{73CCE0F0-9EE5-4A96-BDFF-3B369978C6A8}.Development|Win64.ActiveCfg = Development|x64
		{73CCE0F0-9EE5-4A96-BDFF-3B369978C6A8}.Development|Win64.Build.0 = Development|x64
		{73CCE0F0-9EE5-4A96-BDFF-3B369978C6A8}.Shipping|Android.ActiveCfg = Android_Shipping|Win32
		{73CCE0F0-9EE5-4A96-BDFF-3B369978C6A8}.Shipping|Android.Build.0 = Android_Shipping|Win32
		{73CCE0F0-9EE5-4A96-BDFF-3B369978C6A8}.Shipping|Win32.ActiveCfg = Shipping|Win32
		{73CCE0F0-9EE5-4A96-BDFF-3B369978C6A8}.Shipping|Win32.Build.0 = Shipping|Win32
		{73CCE0F0-9EE5-4A96-BDFF-3B369978C6A8}.Shipping|Win64.ActiveCfg = Shipping|x64
		{73CCE0F0-9EE5-4A96-BDFF-3B369978C6A8}.Shipping|Win64.Build.0 = Shipping|x64
	EndGlobalSection
	GlobalSection(SolutionProperties) = preSolution
		HideSolutionNode = FALSE
	EndGlobalSection
	GlobalSection(NestedProjects) = preSolution
		{E5A8E661-1BDC-4CCC-A713-AE41A597F5E3} = {94A6C6F3-99B3-346E-9557-ABF9D4064DBD}
		{73CCE0F0-9EE5-4A96-BDFF-3B369978C6A8} = {8E2F6A87-1826-34F4-940C-CC23A48F9FE4}
	EndGlobalSection
EndGlobal
